// !$*UTF8*$!
{
	archiveVersion = 1;
	classes = {
	};
	objectVersion = 56;
	objects = {

/* Begin PBXBuildFile section */
		0831AB572C15F25F001AB33E /* APIError.swift in Sources */ = {isa = PBXBuildFile; fileRef = 0831AB562C15F25F001AB33E /* APIError.swift */; };
		0871DA152C200FD4008434AF /* WidgetKit.framework in Frameworks */ = {isa = PBXBuildFile; fileRef = 0871DA142C200FD4008434AF /* WidgetKit.framework */; };
		0871DA172C200FD4008434AF /* SwiftUI.framework in Frameworks */ = {isa = PBXBuildFile; fileRef = 0871DA162C200FD4008434AF /* SwiftUI.framework */; };
		0871DA1A2C200FD4008434AF /* CoreJampleWidgetBundle.swift in Sources */ = {isa = PBXBuildFile; fileRef = 0871DA192C200FD4008434AF /* CoreJampleWidgetBundle.swift */; };
		0871DA1C2C200FD4008434AF /* StepCountsWidget.swift in Sources */ = {isa = PBXBuildFile; fileRef = 0871DA1B2C200FD4008434AF /* StepCountsWidget.swift */; };
		0871DA1E2C200FD5008434AF /* Assets.xcassets in Resources */ = {isa = PBXBuildFile; fileRef = 0871DA1D2C200FD5008434AF /* Assets.xcassets */; };
		0871DA222C200FD5008434AF /* CoreJampleWidgetExtension.appex in Embed Foundation Extensions */ = {isa = PBXBuildFile; fileRef = 0871DA122C200FD4008434AF /* CoreJampleWidgetExtension.appex */; settings = {ATTRIBUTES = (RemoveHeadersOnCopy, ); }; };
		0871DA2B2C201136008434AF /* StepCountsProvider.swift in Sources */ = {isa = PBXBuildFile; fileRef = 0871DA2A2C201136008434AF /* StepCountsProvider.swift */; };
		0871DA2E2C201162008434AF /* StepCountsEntry.swift in Sources */ = {isa = PBXBuildFile; fileRef = 0871DA2D2C201162008434AF /* StepCountsEntry.swift */; };
		0871DA302C2011F1008434AF /* StepCountsView.swift in Sources */ = {isa = PBXBuildFile; fileRef = 0871DA2F2C2011F1008434AF /* StepCountsView.swift */; };
		0871DA312C201CEB008434AF /* PedometerService.swift in Sources */ = {isa = PBXBuildFile; fileRef = 08D208D82C15BF02008A047B /* PedometerService.swift */; };
		0871DA322C201D98008434AF /* DateExtension.swift in Sources */ = {isa = PBXBuildFile; fileRef = 08D208DA2C15C081008A047B /* DateExtension.swift */; };
		0871DA332C201DC9008434AF /* APIError.swift in Sources */ = {isa = PBXBuildFile; fileRef = 0831AB562C15F25F001AB33E /* APIError.swift */; };
		0871DA362C208AF0008434AF /* BackgroundView.swift in Sources */ = {isa = PBXBuildFile; fileRef = 0871DA352C208AF0008434AF /* BackgroundView.swift */; };
		0871DA392C211457008434AF /* Constants.swift in Sources */ = {isa = PBXBuildFile; fileRef = 0871DA382C211457008434AF /* Constants.swift */; };
		0871DA3A2C211457008434AF /* Constants.swift in Sources */ = {isa = PBXBuildFile; fileRef = 0871DA382C211457008434AF /* Constants.swift */; };
		0871DA432C214D5A008434AF /* Intents.intentdefinition in Sources */ = {isa = PBXBuildFile; fileRef = 0871DA422C214D5A008434AF /* Intents.intentdefinition */; };
		0871DA442C214D5A008434AF /* Intents.intentdefinition in Sources */ = {isa = PBXBuildFile; fileRef = 0871DA422C214D5A008434AF /* Intents.intentdefinition */; };
		089373ED2C15A9940057D59E /* AppDelegate.swift in Sources */ = {isa = PBXBuildFile; fileRef = 089373EC2C15A9940057D59E /* AppDelegate.swift */; };
		089373F12C15A9940057D59E /* MainViewController.swift in Sources */ = {isa = PBXBuildFile; fileRef = 089373F02C15A9940057D59E /* MainViewController.swift */; };
		089373F42C15A9940057D59E /* Base in Resources */ = {isa = PBXBuildFile; fileRef = 089373F32C15A9940057D59E /* Base */; };
		089373F62C15A9950057D59E /* Assets.xcassets in Resources */ = {isa = PBXBuildFile; fileRef = 089373F52C15A9950057D59E /* Assets.xcassets */; };
		089373F92C15A9950057D59E /* Base in Resources */ = {isa = PBXBuildFile; fileRef = 089373F82C15A9950057D59E /* Base */; };
		089374042C15A9950057D59E /* JampleWidgetTests.swift in Sources */ = {isa = PBXBuildFile; fileRef = 089374032C15A9950057D59E /* JampleWidgetTests.swift */; };
		0893740E2C15A9950057D59E /* JampleWidgetUITests.swift in Sources */ = {isa = PBXBuildFile; fileRef = 0893740D2C15A9950057D59E /* JampleWidgetUITests.swift */; };
		089374102C15A9950057D59E /* JampleWidgetUITestsLaunchTests.swift in Sources */ = {isa = PBXBuildFile; fileRef = 0893740F2C15A9950057D59E /* JampleWidgetUITestsLaunchTests.swift */; };
		08D208D72C15BEB8008A047B /* MainViewModel.swift in Sources */ = {isa = PBXBuildFile; fileRef = 08D208D62C15BEB7008A047B /* MainViewModel.swift */; };
		08D208D92C15BF02008A047B /* PedometerService.swift in Sources */ = {isa = PBXBuildFile; fileRef = 08D208D82C15BF02008A047B /* PedometerService.swift */; };
		08D208DB2C15C081008A047B /* DateExtension.swift in Sources */ = {isa = PBXBuildFile; fileRef = 08D208DA2C15C081008A047B /* DateExtension.swift */; };
/* End PBXBuildFile section */

/* Begin PBXContainerItemProxy section */
		0871DA202C200FD5008434AF /* PBXContainerItemProxy */ = {
			isa = PBXContainerItemProxy;
			containerPortal = 089373E12C15A9940057D59E /* Project object */;
			proxyType = 1;
			remoteGlobalIDString = 0871DA112C200FD4008434AF;
			remoteInfo = CoreJampleWidgetExtension;
		};
		089374002C15A9950057D59E /* PBXContainerItemProxy */ = {
			isa = PBXContainerItemProxy;
			containerPortal = 089373E12C15A9940057D59E /* Project object */;
			proxyType = 1;
			remoteGlobalIDString = 089373E82C15A9940057D59E;
			remoteInfo = JampleWidget;
		};
		0893740A2C15A9950057D59E /* PBXContainerItemProxy */ = {
			isa = PBXContainerItemProxy;
			containerPortal = 089373E12C15A9940057D59E /* Project object */;
			proxyType = 1;
			remoteGlobalIDString = 089373E82C15A9940057D59E;
			remoteInfo = JampleWidget;
		};
/* End PBXContainerItemProxy section */

/* Begin PBXCopyFilesBuildPhase section */
		0871DA232C200FD5008434AF /* Embed Foundation Extensions */ = {
			isa = PBXCopyFilesBuildPhase;
			buildActionMask = 2147483647;
			dstPath = "";
			dstSubfolderSpec = 13;
			files = (
				0871DA222C200FD5008434AF /* CoreJampleWidgetExtension.appex in Embed Foundation Extensions */,
			);
			name = "Embed Foundation Extensions";
			runOnlyForDeploymentPostprocessing = 0;
		};
/* End PBXCopyFilesBuildPhase section */

/* Begin PBXFileReference section */
		0831AB562C15F25F001AB33E /* APIError.swift */ = {isa = PBXFileReference; lastKnownFileType = sourcecode.swift; path = APIError.swift; sourceTree = "<group>"; };
		0871DA122C200FD4008434AF /* CoreJampleWidgetExtension.appex */ = {isa = PBXFileReference; explicitFileType = "wrapper.app-extension"; includeInIndex = 0; path = CoreJampleWidgetExtension.appex; sourceTree = BUILT_PRODUCTS_DIR; };
		0871DA142C200FD4008434AF /* WidgetKit.framework */ = {isa = PBXFileReference; lastKnownFileType = wrapper.framework; name = WidgetKit.framework; path = System/Library/Frameworks/WidgetKit.framework; sourceTree = SDKROOT; };
		0871DA162C200FD4008434AF /* SwiftUI.framework */ = {isa = PBXFileReference; lastKnownFileType = wrapper.framework; name = SwiftUI.framework; path = System/Library/Frameworks/SwiftUI.framework; sourceTree = SDKROOT; };
		0871DA192C200FD4008434AF /* CoreJampleWidgetBundle.swift */ = {isa = PBXFileReference; lastKnownFileType = sourcecode.swift; path = CoreJampleWidgetBundle.swift; sourceTree = "<group>"; };
		0871DA1B2C200FD4008434AF /* StepCountsWidget.swift */ = {isa = PBXFileReference; lastKnownFileType = sourcecode.swift; path = StepCountsWidget.swift; sourceTree = "<group>"; };
		0871DA1D2C200FD5008434AF /* Assets.xcassets */ = {isa = PBXFileReference; lastKnownFileType = folder.assetcatalog; path = Assets.xcassets; sourceTree = "<group>"; };
		0871DA1F2C200FD5008434AF /* Info.plist */ = {isa = PBXFileReference; lastKnownFileType = text.plist.xml; path = Info.plist; sourceTree = "<group>"; };
		0871DA2A2C201136008434AF /* StepCountsProvider.swift */ = {isa = PBXFileReference; lastKnownFileType = sourcecode.swift; path = StepCountsProvider.swift; sourceTree = "<group>"; };
		0871DA2D2C201162008434AF /* StepCountsEntry.swift */ = {isa = PBXFileReference; lastKnownFileType = sourcecode.swift; path = StepCountsEntry.swift; sourceTree = "<group>"; };
		0871DA2F2C2011F1008434AF /* StepCountsView.swift */ = {isa = PBXFileReference; lastKnownFileType = sourcecode.swift; path = StepCountsView.swift; sourceTree = "<group>"; };
		0871DA352C208AF0008434AF /* BackgroundView.swift */ = {isa = PBXFileReference; lastKnownFileType = sourcecode.swift; path = BackgroundView.swift; sourceTree = "<group>"; };
		0871DA382C211457008434AF /* Constants.swift */ = {isa = PBXFileReference; lastKnownFileType = sourcecode.swift; path = Constants.swift; sourceTree = "<group>"; };
		0871DA422C214D5A008434AF /* Intents.intentdefinition */ = {isa = PBXFileReference; lastKnownFileType = file.intentdefinition; path = Intents.intentdefinition; sourceTree = "<group>"; };
		089373E92C15A9940057D59E /* JampleWidget.app */ = {isa = PBXFileReference; explicitFileType = wrapper.application; includeInIndex = 0; path = JampleWidget.app; sourceTree = BUILT_PRODUCTS_DIR; };
		089373EC2C15A9940057D59E /* AppDelegate.swift */ = {isa = PBXFileReference; lastKnownFileType = sourcecode.swift; path = AppDelegate.swift; sourceTree = "<group>"; };
		089373F02C15A9940057D59E /* MainViewController.swift */ = {isa = PBXFileReference; lastKnownFileType = sourcecode.swift; path = MainViewController.swift; sourceTree = "<group>"; };
		089373F32C15A9940057D59E /* Base */ = {isa = PBXFileReference; lastKnownFileType = file.storyboard; name = Base; path = Base.lproj/Main.storyboard; sourceTree = "<group>"; };
		089373F52C15A9950057D59E /* Assets.xcassets */ = {isa = PBXFileReference; lastKnownFileType = folder.assetcatalog; path = Assets.xcassets; sourceTree = "<group>"; };
		089373F82C15A9950057D59E /* Base */ = {isa = PBXFileReference; lastKnownFileType = file.storyboard; name = Base; path = Base.lproj/LaunchScreen.storyboard; sourceTree = "<group>"; };
		089373FA2C15A9950057D59E /* Info.plist */ = {isa = PBXFileReference; lastKnownFileType = text.plist.xml; path = Info.plist; sourceTree = "<group>"; };
		089373FF2C15A9950057D59E /* JampleWidgetTests.xctest */ = {isa = PBXFileReference; explicitFileType = wrapper.cfbundle; includeInIndex = 0; path = JampleWidgetTests.xctest; sourceTree = BUILT_PRODUCTS_DIR; };
		089374032C15A9950057D59E /* JampleWidgetTests.swift */ = {isa = PBXFileReference; lastKnownFileType = sourcecode.swift; path = JampleWidgetTests.swift; sourceTree = "<group>"; };
		089374092C15A9950057D59E /* JampleWidgetUITests.xctest */ = {isa = PBXFileReference; explicitFileType = wrapper.cfbundle; includeInIndex = 0; path = JampleWidgetUITests.xctest; sourceTree = BUILT_PRODUCTS_DIR; };
		0893740D2C15A9950057D59E /* JampleWidgetUITests.swift */ = {isa = PBXFileReference; lastKnownFileType = sourcecode.swift; path = JampleWidgetUITests.swift; sourceTree = "<group>"; };
		0893740F2C15A9950057D59E /* JampleWidgetUITestsLaunchTests.swift */ = {isa = PBXFileReference; lastKnownFileType = sourcecode.swift; path = JampleWidgetUITestsLaunchTests.swift; sourceTree = "<group>"; };
		08D208D62C15BEB7008A047B /* MainViewModel.swift */ = {isa = PBXFileReference; lastKnownFileType = sourcecode.swift; path = MainViewModel.swift; sourceTree = "<group>"; };
		08D208D82C15BF02008A047B /* PedometerService.swift */ = {isa = PBXFileReference; lastKnownFileType = sourcecode.swift; path = PedometerService.swift; sourceTree = "<group>"; };
		08D208DA2C15C081008A047B /* DateExtension.swift */ = {isa = PBXFileReference; lastKnownFileType = sourcecode.swift; path = DateExtension.swift; sourceTree = "<group>"; };
/* End PBXFileReference section */

/* Begin PBXFrameworksBuildPhase section */
		0871DA0F2C200FD4008434AF /* Frameworks */ = {
			isa = PBXFrameworksBuildPhase;
			buildActionMask = 2147483647;
			files = (
				0871DA172C200FD4008434AF /* SwiftUI.framework in Frameworks */,
				0871DA152C200FD4008434AF /* WidgetKit.framework in Frameworks */,
			);
			runOnlyForDeploymentPostprocessing = 0;
		};
		089373E62C15A9940057D59E /* Frameworks */ = {
			isa = PBXFrameworksBuildPhase;
			buildActionMask = 2147483647;
			files = (
			);
			runOnlyForDeploymentPostprocessing = 0;
		};
		089373FC2C15A9950057D59E /* Frameworks */ = {
			isa = PBXFrameworksBuildPhase;
			buildActionMask = 2147483647;
			files = (
			);
			runOnlyForDeploymentPostprocessing = 0;
		};
		089374062C15A9950057D59E /* Frameworks */ = {
			isa = PBXFrameworksBuildPhase;
			buildActionMask = 2147483647;
			files = (
			);
			runOnlyForDeploymentPostprocessing = 0;
		};
/* End PBXFrameworksBuildPhase section */

/* Begin PBXGroup section */
		0871DA132C200FD4008434AF /* Frameworks */ = {
			isa = PBXGroup;
			children = (
				0871DA162C200FD4008434AF /* SwiftUI.framework */,
				0871DA142C200FD4008434AF /* WidgetKit.framework */,
			);
			name = Frameworks;
			sourceTree = "<group>";
		};
		0871DA182C200FD4008434AF /* CoreJampleWidget */ = {
			isa = PBXGroup;
			children = (
				0871DA292C201116008434AF /* Views */,
				0871DA282C201111008434AF /* Entries */,
				0871DA192C200FD4008434AF /* CoreJampleWidgetBundle.swift */,
				0871DA1B2C200FD4008434AF /* StepCountsWidget.swift */,
				0871DA2A2C201136008434AF /* StepCountsProvider.swift */,
				0871DA422C214D5A008434AF /* Intents.intentdefinition */,
				0871DA1D2C200FD5008434AF /* Assets.xcassets */,
				0871DA1F2C200FD5008434AF /* Info.plist */,
			);
			path = CoreJampleWidget;
			sourceTree = "<group>";
		};
		0871DA282C201111008434AF /* Entries */ = {
			isa = PBXGroup;
			children = (
				0871DA2D2C201162008434AF /* StepCountsEntry.swift */,
			);
			path = Entries;
			sourceTree = "<group>";
		};
		0871DA292C201116008434AF /* Views */ = {
			isa = PBXGroup;
			children = (
				0871DA2F2C2011F1008434AF /* StepCountsView.swift */,
				0871DA352C208AF0008434AF /* BackgroundView.swift */,
			);
			path = Views;
			sourceTree = "<group>";
		};
		0871DA372C211447008434AF /* Common */ = {
			isa = PBXGroup;
			children = (
				0871DA382C211457008434AF /* Constants.swift */,
				0831AB562C15F25F001AB33E /* APIError.swift */,
				08D208DA2C15C081008A047B /* DateExtension.swift */,
			);
			path = Common;
			sourceTree = "<group>";
		};
		089373E02C15A9940057D59E = {
			isa = PBXGroup;
			children = (
				089373EB2C15A9940057D59E /* JampleWidget */,
				0871DA182C200FD4008434AF /* CoreJampleWidget */,
				089374022C15A9950057D59E /* JampleWidgetTests */,
				0893740C2C15A9950057D59E /* JampleWidgetUITests */,
				0871DA132C200FD4008434AF /* Frameworks */,
				089373EA2C15A9940057D59E /* Products */,
			);
			sourceTree = "<group>";
		};
		089373EA2C15A9940057D59E /* Products */ = {
			isa = PBXGroup;
			children = (
				089373E92C15A9940057D59E /* JampleWidget.app */,
				089373FF2C15A9950057D59E /* JampleWidgetTests.xctest */,
				089374092C15A9950057D59E /* JampleWidgetUITests.xctest */,
				0871DA122C200FD4008434AF /* CoreJampleWidgetExtension.appex */,
			);
			name = Products;
			sourceTree = "<group>";
		};
		089373EB2C15A9940057D59E /* JampleWidget */ = {
			isa = PBXGroup;
			children = (
				0871DA372C211447008434AF /* Common */,
				089373EC2C15A9940057D59E /* AppDelegate.swift */,
				089373F02C15A9940057D59E /* MainViewController.swift */,
				08D208D62C15BEB7008A047B /* MainViewModel.swift */,
				08D208D82C15BF02008A047B /* PedometerService.swift */,
				089373F22C15A9940057D59E /* Main.storyboard */,
				089373F72C15A9950057D59E /* LaunchScreen.storyboard */,
				089373F52C15A9950057D59E /* Assets.xcassets */,
				089373FA2C15A9950057D59E /* Info.plist */,
			);
			path = JampleWidget;
			sourceTree = "<group>";
		};
		089374022C15A9950057D59E /* JampleWidgetTests */ = {
			isa = PBXGroup;
			children = (
				089374032C15A9950057D59E /* JampleWidgetTests.swift */,
			);
			path = JampleWidgetTests;
			sourceTree = "<group>";
		};
		0893740C2C15A9950057D59E /* JampleWidgetUITests */ = {
			isa = PBXGroup;
			children = (
				0893740D2C15A9950057D59E /* JampleWidgetUITests.swift */,
				0893740F2C15A9950057D59E /* JampleWidgetUITestsLaunchTests.swift */,
			);
			path = JampleWidgetUITests;
			sourceTree = "<group>";
		};
/* End PBXGroup section */

/* Begin PBXNativeTarget section */
		0871DA112C200FD4008434AF /* CoreJampleWidgetExtension */ = {
			isa = PBXNativeTarget;
			buildConfigurationList = 0871DA262C200FD5008434AF /* Build configuration list for PBXNativeTarget "CoreJampleWidgetExtension" */;
			buildPhases = (
				0871DA0E2C200FD4008434AF /* Sources */,
				0871DA0F2C200FD4008434AF /* Frameworks */,
				0871DA102C200FD4008434AF /* Resources */,
			);
			buildRules = (
			);
			dependencies = (
			);
			name = CoreJampleWidgetExtension;
			productName = CoreJampleWidgetExtension;
			productReference = 0871DA122C200FD4008434AF /* CoreJampleWidgetExtension.appex */;
			productType = "com.apple.product-type.app-extension";
		};
		089373E82C15A9940057D59E /* JampleWidget */ = {
			isa = PBXNativeTarget;
			buildConfigurationList = 089374132C15A9950057D59E /* Build configuration list for PBXNativeTarget "JampleWidget" */;
			buildPhases = (
				089373E52C15A9940057D59E /* Sources */,
				089373E62C15A9940057D59E /* Frameworks */,
				089373E72C15A9940057D59E /* Resources */,
				0871DA232C200FD5008434AF /* Embed Foundation Extensions */,
			);
			buildRules = (
			);
			dependencies = (
				0871DA212C200FD5008434AF /* PBXTargetDependency */,
			);
			name = JampleWidget;
			productName = JampleWidget;
			productReference = 089373E92C15A9940057D59E /* JampleWidget.app */;
			productType = "com.apple.product-type.application";
		};
		089373FE2C15A9950057D59E /* JampleWidgetTests */ = {
			isa = PBXNativeTarget;
			buildConfigurationList = 089374162C15A9950057D59E /* Build configuration list for PBXNativeTarget "JampleWidgetTests" */;
			buildPhases = (
				089373FB2C15A9950057D59E /* Sources */,
				089373FC2C15A9950057D59E /* Frameworks */,
				089373FD2C15A9950057D59E /* Resources */,
			);
			buildRules = (
			);
			dependencies = (
				089374012C15A9950057D59E /* PBXTargetDependency */,
			);
			name = JampleWidgetTests;
			productName = JampleWidgetTests;
			productReference = 089373FF2C15A9950057D59E /* JampleWidgetTests.xctest */;
			productType = "com.apple.product-type.bundle.unit-test";
		};
		089374082C15A9950057D59E /* JampleWidgetUITests */ = {
			isa = PBXNativeTarget;
			buildConfigurationList = 089374192C15A9950057D59E /* Build configuration list for PBXNativeTarget "JampleWidgetUITests" */;
			buildPhases = (
				089374052C15A9950057D59E /* Sources */,
				089374062C15A9950057D59E /* Frameworks */,
				089374072C15A9950057D59E /* Resources */,
			);
			buildRules = (
			);
			dependencies = (
				0893740B2C15A9950057D59E /* PBXTargetDependency */,
			);
			name = JampleWidgetUITests;
			productName = JampleWidgetUITests;
			productReference = 089374092C15A9950057D59E /* JampleWidgetUITests.xctest */;
			productType = "com.apple.product-type.bundle.ui-testing";
		};
/* End PBXNativeTarget section */

/* Begin PBXProject section */
		089373E12C15A9940057D59E /* Project object */ = {
			isa = PBXProject;
			attributes = {
				BuildIndependentTargetsInParallel = 1;
				LastSwiftUpdateCheck = 1540;
				LastUpgradeCheck = 1540;
				TargetAttributes = {
					0871DA112C200FD4008434AF = {
						CreatedOnToolsVersion = 15.4;
					};
					089373E82C15A9940057D59E = {
						CreatedOnToolsVersion = 15.4;
					};
					089373FE2C15A9950057D59E = {
						CreatedOnToolsVersion = 15.4;
						TestTargetID = 089373E82C15A9940057D59E;
					};
					089374082C15A9950057D59E = {
						CreatedOnToolsVersion = 15.4;
						TestTargetID = 089373E82C15A9940057D59E;
					};
				};
			};
			buildConfigurationList = 089373E42C15A9940057D59E /* Build configuration list for PBXProject "JampleWidget" */;
			compatibilityVersion = "Xcode 14.0";
			developmentRegion = en;
			hasScannedForEncodings = 0;
			knownRegions = (
				en,
				Base,
			);
			mainGroup = 089373E02C15A9940057D59E;
			productRefGroup = 089373EA2C15A9940057D59E /* Products */;
			projectDirPath = "";
			projectRoot = "";
			targets = (
				089373E82C15A9940057D59E /* JampleWidget */,
				0871DA112C200FD4008434AF /* CoreJampleWidgetExtension */,
				089373FE2C15A9950057D59E /* JampleWidgetTests */,
				089374082C15A9950057D59E /* JampleWidgetUITests */,
			);
		};
/* End PBXProject section */

/* Begin PBXResourcesBuildPhase section */
		0871DA102C200FD4008434AF /* Resources */ = {
			isa = PBXResourcesBuildPhase;
			buildActionMask = 2147483647;
			files = (
				0871DA1E2C200FD5008434AF /* Assets.xcassets in Resources */,
			);
			runOnlyForDeploymentPostprocessing = 0;
		};
		089373E72C15A9940057D59E /* Resources */ = {
			isa = PBXResourcesBuildPhase;
			buildActionMask = 2147483647;
			files = (
				089373F62C15A9950057D59E /* Assets.xcassets in Resources */,
				089373F92C15A9950057D59E /* Base in Resources */,
				089373F42C15A9940057D59E /* Base in Resources */,
			);
			runOnlyForDeploymentPostprocessing = 0;
		};
		089373FD2C15A9950057D59E /* Resources */ = {
			isa = PBXResourcesBuildPhase;
			buildActionMask = 2147483647;
			files = (
			);
			runOnlyForDeploymentPostprocessing = 0;
		};
		089374072C15A9950057D59E /* Resources */ = {
			isa = PBXResourcesBuildPhase;
			buildActionMask = 2147483647;
			files = (
			);
			runOnlyForDeploymentPostprocessing = 0;
		};
/* End PBXResourcesBuildPhase section */

/* Begin PBXSourcesBuildPhase section */
		0871DA0E2C200FD4008434AF /* Sources */ = {
			isa = PBXSourcesBuildPhase;
			buildActionMask = 2147483647;
			files = (
				0871DA362C208AF0008434AF /* BackgroundView.swift in Sources */,
				0871DA1A2C200FD4008434AF /* CoreJampleWidgetBundle.swift in Sources */,
				0871DA322C201D98008434AF /* DateExtension.swift in Sources */,
				0871DA442C214D5A008434AF /* Intents.intentdefinition in Sources */,
				0871DA2B2C201136008434AF /* StepCountsProvider.swift in Sources */,
				0871DA302C2011F1008434AF /* StepCountsView.swift in Sources */,
				0871DA3A2C211457008434AF /* Constants.swift in Sources */,
				0871DA312C201CEB008434AF /* PedometerService.swift in Sources */,
				0871DA332C201DC9008434AF /* APIError.swift in Sources */,
				0871DA2E2C201162008434AF /* StepCountsEntry.swift in Sources */,
				0871DA1C2C200FD4008434AF /* StepCountsWidget.swift in Sources */,
			);
			runOnlyForDeploymentPostprocessing = 0;
		};
		089373E52C15A9940057D59E /* Sources */ = {
			isa = PBXSourcesBuildPhase;
			buildActionMask = 2147483647;
			files = (
				089373F12C15A9940057D59E /* MainViewController.swift in Sources */,
				08D208DB2C15C081008A047B /* DateExtension.swift in Sources */,
				089373ED2C15A9940057D59E /* AppDelegate.swift in Sources */,
				08D208D72C15BEB8008A047B /* MainViewModel.swift in Sources */,
				0871DA392C211457008434AF /* Constants.swift in Sources */,
				08D208D92C15BF02008A047B /* PedometerService.swift in Sources */,
				0871DA432C214D5A008434AF /* Intents.intentdefinition in Sources */,
				0831AB572C15F25F001AB33E /* APIError.swift in Sources */,
			);
			runOnlyForDeploymentPostprocessing = 0;
		};
		089373FB2C15A9950057D59E /* Sources */ = {
			isa = PBXSourcesBuildPhase;
			buildActionMask = 2147483647;
			files = (
				089374042C15A9950057D59E /* JampleWidgetTests.swift in Sources */,
			);
			runOnlyForDeploymentPostprocessing = 0;
		};
		089374052C15A9950057D59E /* Sources */ = {
			isa = PBXSourcesBuildPhase;
			buildActionMask = 2147483647;
			files = (
				0893740E2C15A9950057D59E /* JampleWidgetUITests.swift in Sources */,
				089374102C15A9950057D59E /* JampleWidgetUITestsLaunchTests.swift in Sources */,
			);
			runOnlyForDeploymentPostprocessing = 0;
		};
/* End PBXSourcesBuildPhase section */

/* Begin PBXTargetDependency section */
		0871DA212C200FD5008434AF /* PBXTargetDependency */ = {
			isa = PBXTargetDependency;
			target = 0871DA112C200FD4008434AF /* CoreJampleWidgetExtension */;
			targetProxy = 0871DA202C200FD5008434AF /* PBXContainerItemProxy */;
		};
		089374012C15A9950057D59E /* PBXTargetDependency */ = {
			isa = PBXTargetDependency;
			target = 089373E82C15A9940057D59E /* JampleWidget */;
			targetProxy = 089374002C15A9950057D59E /* PBXContainerItemProxy */;
		};
		0893740B2C15A9950057D59E /* PBXTargetDependency */ = {
			isa = PBXTargetDependency;
			target = 089373E82C15A9940057D59E /* JampleWidget */;
			targetProxy = 0893740A2C15A9950057D59E /* PBXContainerItemProxy */;
		};
/* End PBXTargetDependency section */

/* Begin PBXVariantGroup section */
		089373F22C15A9940057D59E /* Main.storyboard */ = {
			isa = PBXVariantGroup;
			children = (
				089373F32C15A9940057D59E /* Base */,
			);
			name = Main.storyboard;
			sourceTree = "<group>";
		};
		089373F72C15A9950057D59E /* LaunchScreen.storyboard */ = {
			isa = PBXVariantGroup;
			children = (
				089373F82C15A9950057D59E /* Base */,
			);
			name = LaunchScreen.storyboard;
			sourceTree = "<group>";
		};
/* End PBXVariantGroup section */

/* Begin XCBuildConfiguration section */
		0871DA242C200FD5008434AF /* Debug */ = {
			isa = XCBuildConfiguration;
			buildSettings = {
				ASSETCATALOG_COMPILER_GLOBAL_ACCENT_COLOR_NAME = AccentColor;
				ASSETCATALOG_COMPILER_WIDGET_BACKGROUND_COLOR_NAME = WidgetBackground;
				CODE_SIGN_STYLE = Automatic;
				CURRENT_PROJECT_VERSION = 1;
				DEVELOPMENT_TEAM = AX94CTZN8D;
				GENERATE_INFOPLIST_FILE = YES;
				INFOPLIST_FILE = CoreJampleWidget/Info.plist;
				INFOPLIST_KEY_CFBundleDisplayName = CoreJampleWidget;
				INFOPLIST_KEY_NSHumanReadableCopyright = "";
				IPHONEOS_DEPLOYMENT_TARGET = 14.0;
				LD_RUNPATH_SEARCH_PATHS = (
					"$(inherited)",
					"@executable_path/Frameworks",
					"@executable_path/../../Frameworks",
				);
				MARKETING_VERSION = 1.0.0;
				PRODUCT_BUNDLE_IDENTIFIER = com.dev.sanghyun.JampleWidget.CoreJampleWidget;
				PRODUCT_NAME = "$(TARGET_NAME)";
				SKIP_INSTALL = YES;
				SUPPORTED_PLATFORMS = "iphoneos iphonesimulator";
				SUPPORTS_MACCATALYST = NO;
				SUPPORTS_MAC_DESIGNED_FOR_IPHONE_IPAD = NO;
				SUPPORTS_XR_DESIGNED_FOR_IPHONE_IPAD = NO;
				SWIFT_EMIT_LOC_STRINGS = YES;
				SWIFT_VERSION = 5.0;
				TARGETED_DEVICE_FAMILY = 1;
			};
			name = Debug;
		};
		0871DA252C200FD5008434AF /* Release */ = {
			isa = XCBuildConfiguration;
			buildSettings = {
				ASSETCATALOG_COMPILER_GLOBAL_ACCENT_COLOR_NAME = AccentColor;
				ASSETCATALOG_COMPILER_WIDGET_BACKGROUND_COLOR_NAME = WidgetBackground;
				CODE_SIGN_STYLE = Automatic;
				CURRENT_PROJECT_VERSION = 1;
				DEVELOPMENT_TEAM = AX94CTZN8D;
				GENERATE_INFOPLIST_FILE = YES;
				INFOPLIST_FILE = CoreJampleWidget/Info.plist;
				INFOPLIST_KEY_CFBundleDisplayName = CoreJampleWidget;
				INFOPLIST_KEY_NSHumanReadableCopyright = "";
				IPHONEOS_DEPLOYMENT_TARGET = 14.0;
				LD_RUNPATH_SEARCH_PATHS = (
					"$(inherited)",
					"@executable_path/Frameworks",
					"@executable_path/../../Frameworks",
				);
				MARKETING_VERSION = 1.0.0;
				PRODUCT_BUNDLE_IDENTIFIER = com.dev.sanghyun.JampleWidget.CoreJampleWidget;
				PRODUCT_NAME = "$(TARGET_NAME)";
				SKIP_INSTALL = YES;
				SUPPORTED_PLATFORMS = "iphoneos iphonesimulator";
				SUPPORTS_MACCATALYST = NO;
				SUPPORTS_MAC_DESIGNED_FOR_IPHONE_IPAD = NO;
				SUPPORTS_XR_DESIGNED_FOR_IPHONE_IPAD = NO;
				SWIFT_EMIT_LOC_STRINGS = YES;
				SWIFT_VERSION = 5.0;
				TARGETED_DEVICE_FAMILY = 1;
			};
			name = Release;
		};
		089374112C15A9950057D59E /* Debug */ = {
			isa = XCBuildConfiguration;
			buildSettings = {
				ALWAYS_SEARCH_USER_PATHS = NO;
				ASSETCATALOG_COMPILER_GENERATE_SWIFT_ASSET_SYMBOL_EXTENSIONS = YES;
				CLANG_ANALYZER_NONNULL = YES;
				CLANG_ANALYZER_NUMBER_OBJECT_CONVERSION = YES_AGGRESSIVE;
				CLANG_CXX_LANGUAGE_STANDARD = "gnu++20";
				CLANG_ENABLE_MODULES = YES;
				CLANG_ENABLE_OBJC_ARC = YES;
				CLANG_ENABLE_OBJC_WEAK = YES;
				CLANG_WARN_BLOCK_CAPTURE_AUTORELEASING = YES;
				CLANG_WARN_BOOL_CONVERSION = YES;
				CLANG_WARN_COMMA = YES;
				CLANG_WARN_CONSTANT_CONVERSION = YES;
				CLANG_WARN_DEPRECATED_OBJC_IMPLEMENTATIONS = YES;
				CLANG_WARN_DIRECT_OBJC_ISA_USAGE = YES_ERROR;
				CLANG_WARN_DOCUMENTATION_COMMENTS = YES;
				CLANG_WARN_EMPTY_BODY = YES;
				CLANG_WARN_ENUM_CONVERSION = YES;
				CLANG_WARN_INFINITE_RECURSION = YES;
				CLANG_WARN_INT_CONVERSION = YES;
				CLANG_WARN_NON_LITERAL_NULL_CONVERSION = YES;
				CLANG_WARN_OBJC_IMPLICIT_RETAIN_SELF = YES;
				CLANG_WARN_OBJC_LITERAL_CONVERSION = YES;
				CLANG_WARN_OBJC_ROOT_CLASS = YES_ERROR;
				CLANG_WARN_QUOTED_INCLUDE_IN_FRAMEWORK_HEADER = YES;
				CLANG_WARN_RANGE_LOOP_ANALYSIS = YES;
				CLANG_WARN_STRICT_PROTOTYPES = YES;
				CLANG_WARN_SUSPICIOUS_MOVE = YES;
				CLANG_WARN_UNGUARDED_AVAILABILITY = YES_AGGRESSIVE;
				CLANG_WARN_UNREACHABLE_CODE = YES;
				CLANG_WARN__DUPLICATE_METHOD_MATCH = YES;
				COPY_PHASE_STRIP = NO;
				DEBUG_INFORMATION_FORMAT = dwarf;
				ENABLE_STRICT_OBJC_MSGSEND = YES;
				ENABLE_TESTABILITY = YES;
				ENABLE_USER_SCRIPT_SANDBOXING = YES;
				GCC_C_LANGUAGE_STANDARD = gnu17;
				GCC_DYNAMIC_NO_PIC = NO;
				GCC_NO_COMMON_BLOCKS = YES;
				GCC_OPTIMIZATION_LEVEL = 0;
				GCC_PREPROCESSOR_DEFINITIONS = (
					"DEBUG=1",
					"$(inherited)",
				);
				GCC_WARN_64_TO_32_BIT_CONVERSION = YES;
				GCC_WARN_ABOUT_RETURN_TYPE = YES_ERROR;
				GCC_WARN_UNDECLARED_SELECTOR = YES;
				GCC_WARN_UNINITIALIZED_AUTOS = YES_AGGRESSIVE;
				GCC_WARN_UNUSED_FUNCTION = YES;
				GCC_WARN_UNUSED_VARIABLE = YES;
				IPHONEOS_DEPLOYMENT_TARGET = 12.0;
				LOCALIZATION_PREFERS_STRING_CATALOGS = YES;
				MTL_ENABLE_DEBUG_INFO = INCLUDE_SOURCE;
				MTL_FAST_MATH = YES;
				ONLY_ACTIVE_ARCH = YES;
				SDKROOT = iphoneos;
				SWIFT_ACTIVE_COMPILATION_CONDITIONS = "DEBUG $(inherited)";
				SWIFT_OPTIMIZATION_LEVEL = "-Onone";
			};
			name = Debug;
		};
		089374122C15A9950057D59E /* Release */ = {
			isa = XCBuildConfiguration;
			buildSettings = {
				ALWAYS_SEARCH_USER_PATHS = NO;
				ASSETCATALOG_COMPILER_GENERATE_SWIFT_ASSET_SYMBOL_EXTENSIONS = YES;
				CLANG_ANALYZER_NONNULL = YES;
				CLANG_ANALYZER_NUMBER_OBJECT_CONVERSION = YES_AGGRESSIVE;
				CLANG_CXX_LANGUAGE_STANDARD = "gnu++20";
				CLANG_ENABLE_MODULES = YES;
				CLANG_ENABLE_OBJC_ARC = YES;
				CLANG_ENABLE_OBJC_WEAK = YES;
				CLANG_WARN_BLOCK_CAPTURE_AUTORELEASING = YES;
				CLANG_WARN_BOOL_CONVERSION = YES;
				CLANG_WARN_COMMA = YES;
				CLANG_WARN_CONSTANT_CONVERSION = YES;
				CLANG_WARN_DEPRECATED_OBJC_IMPLEMENTATIONS = YES;
				CLANG_WARN_DIRECT_OBJC_ISA_USAGE = YES_ERROR;
				CLANG_WARN_DOCUMENTATION_COMMENTS = YES;
				CLANG_WARN_EMPTY_BODY = YES;
				CLANG_WARN_ENUM_CONVERSION = YES;
				CLANG_WARN_INFINITE_RECURSION = YES;
				CLANG_WARN_INT_CONVERSION = YES;
				CLANG_WARN_NON_LITERAL_NULL_CONVERSION = YES;
				CLANG_WARN_OBJC_IMPLICIT_RETAIN_SELF = YES;
				CLANG_WARN_OBJC_LITERAL_CONVERSION = YES;
				CLANG_WARN_OBJC_ROOT_CLASS = YES_ERROR;
				CLANG_WARN_QUOTED_INCLUDE_IN_FRAMEWORK_HEADER = YES;
				CLANG_WARN_RANGE_LOOP_ANALYSIS = YES;
				CLANG_WARN_STRICT_PROTOTYPES = YES;
				CLANG_WARN_SUSPICIOUS_MOVE = YES;
				CLANG_WARN_UNGUARDED_AVAILABILITY = YES_AGGRESSIVE;
				CLANG_WARN_UNREACHABLE_CODE = YES;
				CLANG_WARN__DUPLICATE_METHOD_MATCH = YES;
				COPY_PHASE_STRIP = NO;
				DEBUG_INFORMATION_FORMAT = "dwarf-with-dsym";
				ENABLE_NS_ASSERTIONS = NO;
				ENABLE_STRICT_OBJC_MSGSEND = YES;
				ENABLE_USER_SCRIPT_SANDBOXING = YES;
				GCC_C_LANGUAGE_STANDARD = gnu17;
				GCC_NO_COMMON_BLOCKS = YES;
				GCC_WARN_64_TO_32_BIT_CONVERSION = YES;
				GCC_WARN_ABOUT_RETURN_TYPE = YES_ERROR;
				GCC_WARN_UNDECLARED_SELECTOR = YES;
				GCC_WARN_UNINITIALIZED_AUTOS = YES_AGGRESSIVE;
				GCC_WARN_UNUSED_FUNCTION = YES;
				GCC_WARN_UNUSED_VARIABLE = YES;
				IPHONEOS_DEPLOYMENT_TARGET = 12.0;
				LOCALIZATION_PREFERS_STRING_CATALOGS = YES;
				MTL_ENABLE_DEBUG_INFO = NO;
				MTL_FAST_MATH = YES;
				SDKROOT = iphoneos;
				SWIFT_COMPILATION_MODE = wholemodule;
				VALIDATE_PRODUCT = YES;
			};
			name = Release;
		};
		089374142C15A9950057D59E /* Debug */ = {
			isa = XCBuildConfiguration;
			buildSettings = {
				ALWAYS_EMBED_SWIFT_STANDARD_LIBRARIES = YES;
				ASSETCATALOG_COMPILER_APPICON_NAME = AppIcon;
				ASSETCATALOG_COMPILER_GLOBAL_ACCENT_COLOR_NAME = AccentColor;
				CODE_SIGN_STYLE = Automatic;
				CURRENT_PROJECT_VERSION = 1;
				DEVELOPMENT_TEAM = AX94CTZN8D;
				GENERATE_INFOPLIST_FILE = YES;
				INFOPLIST_FILE = JampleWidget/Info.plist;
				INFOPLIST_KEY_CFBundleDisplayName = "Widget Test";
				INFOPLIST_KEY_NSMotionUsageDescription = "걸음수 조회를 위해 권한을 요청드려요 🥹";
				INFOPLIST_KEY_UIApplicationSupportsIndirectInputEvents = YES;
				INFOPLIST_KEY_UILaunchStoryboardName = LaunchScreen;
				INFOPLIST_KEY_UIMainStoryboardFile = Main;
				INFOPLIST_KEY_UISupportedInterfaceOrientations = UIInterfaceOrientationPortrait;
				INFOPLIST_KEY_UISupportedInterfaceOrientations_iPad = UIInterfaceOrientationPortrait;
				IPHONEOS_DEPLOYMENT_TARGET = 12.0;
				LD_RUNPATH_SEARCH_PATHS = (
					"$(inherited)",
					"@executable_path/Frameworks",
				);
				MARKETING_VERSION = 1.0.0;
				PRODUCT_BUNDLE_IDENTIFIER = com.dev.sanghyun.JampleWidget;
				PRODUCT_NAME = "$(TARGET_NAME)";
				SUPPORTED_PLATFORMS = "iphoneos iphonesimulator";
				SUPPORTS_MACCATALYST = NO;
				SUPPORTS_MAC_DESIGNED_FOR_IPHONE_IPAD = NO;
				SUPPORTS_XR_DESIGNED_FOR_IPHONE_IPAD = NO;
				SWIFT_EMIT_LOC_STRINGS = YES;
				SWIFT_VERSION = 5.0;
				TARGETED_DEVICE_FAMILY = 1;
			};
			name = Debug;
		};
		089374152C15A9950057D59E /* Release */ = {
			isa = XCBuildConfiguration;
			buildSettings = {
				ALWAYS_EMBED_SWIFT_STANDARD_LIBRARIES = YES;
				ASSETCATALOG_COMPILER_APPICON_NAME = AppIcon;
				ASSETCATALOG_COMPILER_GLOBAL_ACCENT_COLOR_NAME = AccentColor;
				CODE_SIGN_STYLE = Automatic;
				CURRENT_PROJECT_VERSION = 1;
				DEVELOPMENT_TEAM = AX94CTZN8D;
				GENERATE_INFOPLIST_FILE = YES;
				INFOPLIST_FILE = JampleWidget/Info.plist;
				INFOPLIST_KEY_CFBundleDisplayName = "Widget Test";
				INFOPLIST_KEY_NSMotionUsageDescription = "걸음수 조회를 위해 권한을 요청드려요 🥹";
				INFOPLIST_KEY_UIApplicationSupportsIndirectInputEvents = YES;
				INFOPLIST_KEY_UILaunchStoryboardName = LaunchScreen;
				INFOPLIST_KEY_UIMainStoryboardFile = Main;
				INFOPLIST_KEY_UISupportedInterfaceOrientations = UIInterfaceOrientationPortrait;
				INFOPLIST_KEY_UISupportedInterfaceOrientations_iPad = UIInterfaceOrientationPortrait;
				IPHONEOS_DEPLOYMENT_TARGET = 12.0;
				LD_RUNPATH_SEARCH_PATHS = (
					"$(inherited)",
					"@executable_path/Frameworks",
				);
				MARKETING_VERSION = 1.0.0;
				PRODUCT_BUNDLE_IDENTIFIER = com.dev.sanghyun.JampleWidget;
				PRODUCT_NAME = "$(TARGET_NAME)";
				SUPPORTED_PLATFORMS = "iphoneos iphonesimulator";
				SUPPORTS_MACCATALYST = NO;
				SUPPORTS_MAC_DESIGNED_FOR_IPHONE_IPAD = NO;
				SUPPORTS_XR_DESIGNED_FOR_IPHONE_IPAD = NO;
				SWIFT_EMIT_LOC_STRINGS = YES;
				SWIFT_VERSION = 5.0;
				TARGETED_DEVICE_FAMILY = 1;
			};
			name = Release;
		};
		089374172C15A9950057D59E /* Debug */ = {
			isa = XCBuildConfiguration;
			buildSettings = {
				ALWAYS_EMBED_SWIFT_STANDARD_LIBRARIES = YES;
				BUNDLE_LOADER = "$(TEST_HOST)";
				CODE_SIGN_STYLE = Automatic;
				CURRENT_PROJECT_VERSION = 1;
				DEVELOPMENT_TEAM = AX94CTZN8D;
				GENERATE_INFOPLIST_FILE = YES;
				IPHONEOS_DEPLOYMENT_TARGET = 17.5;
				MARKETING_VERSION = 1.0;
				PRODUCT_BUNDLE_IDENTIFIER = com.dev.sanghyun.JampleWidgetTests;
				PRODUCT_NAME = "$(TARGET_NAME)";
				SWIFT_EMIT_LOC_STRINGS = NO;
				SWIFT_VERSION = 5.0;
				TARGETED_DEVICE_FAMILY = "1,2";
				TEST_HOST = "$(BUILT_PRODUCTS_DIR)/JampleWidget.app/$(BUNDLE_EXECUTABLE_FOLDER_PATH)/JampleWidget";
			};
			name = Debug;
		};
		089374182C15A9950057D59E /* Release */ = {
			isa = XCBuildConfiguration;
			buildSettings = {
				ALWAYS_EMBED_SWIFT_STANDARD_LIBRARIES = YES;
				BUNDLE_LOADER = "$(TEST_HOST)";
				CODE_SIGN_STYLE = Automatic;
				CURRENT_PROJECT_VERSION = 1;
				DEVELOPMENT_TEAM = AX94CTZN8D;
				GENERATE_INFOPLIST_FILE = YES;
				IPHONEOS_DEPLOYMENT_TARGET = 17.5;
				MARKETING_VERSION = 1.0;
				PRODUCT_BUNDLE_IDENTIFIER = com.dev.sanghyun.JampleWidgetTests;
				PRODUCT_NAME = "$(TARGET_NAME)";
				SWIFT_EMIT_LOC_STRINGS = NO;
				SWIFT_VERSION = 5.0;
				TARGETED_DEVICE_FAMILY = "1,2";
				TEST_HOST = "$(BUILT_PRODUCTS_DIR)/JampleWidget.app/$(BUNDLE_EXECUTABLE_FOLDER_PATH)/JampleWidget";
			};
			name = Release;
		};
		0893741A2C15A9950057D59E /* Debug */ = {
			isa = XCBuildConfiguration;
			buildSettings = {
				ALWAYS_EMBED_SWIFT_STANDARD_LIBRARIES = YES;
				CODE_SIGN_STYLE = Automatic;
				CURRENT_PROJECT_VERSION = 1;
				DEVELOPMENT_TEAM = AX94CTZN8D;
				GENERATE_INFOPLIST_FILE = YES;
				MARKETING_VERSION = 1.0;
				PRODUCT_BUNDLE_IDENTIFIER = com.dev.sanghyun.JampleWidgetUITests;
				PRODUCT_NAME = "$(TARGET_NAME)";
				SWIFT_EMIT_LOC_STRINGS = NO;
				SWIFT_VERSION = 5.0;
				TARGETED_DEVICE_FAMILY = "1,2";
				TEST_TARGET_NAME = JampleWidget;
			};
			name = Debug;
		};
		0893741B2C15A9950057D59E /* Release */ = {
			isa = XCBuildConfiguration;
			buildSettings = {
				ALWAYS_EMBED_SWIFT_STANDARD_LIBRARIES = YES;
				CODE_SIGN_STYLE = Automatic;
				CURRENT_PROJECT_VERSION = 1;
				DEVELOPMENT_TEAM = AX94CTZN8D;
				GENERATE_INFOPLIST_FILE = YES;
				MARKETING_VERSION = 1.0;
				PRODUCT_BUNDLE_IDENTIFIER = com.dev.sanghyun.JampleWidgetUITests;
				PRODUCT_NAME = "$(TARGET_NAME)";
				SWIFT_EMIT_LOC_STRINGS = NO;
				SWIFT_VERSION = 5.0;
				TARGETED_DEVICE_FAMILY = "1,2";
				TEST_TARGET_NAME = JampleWidget;
			};
			name = Release;
		};
/* End XCBuildConfiguration section */

/* Begin XCConfigurationList section */
		0871DA262C200FD5008434AF /* Build configuration list for PBXNativeTarget "CoreJampleWidgetExtension" */ = {
			isa = XCConfigurationList;
			buildConfigurations = (
				0871DA242C200FD5008434AF /* Debug */,
				0871DA252C200FD5008434AF /* Release */,
			);
			defaultConfigurationIsVisible = 0;
			defaultConfigurationName = Release;
		};
		089373E42C15A9940057D59E /* Build configuration list for PBXProject "JampleWidget" */ = {
			isa = XCConfigurationList;
			buildConfigurations = (
				089374112C15A9950057D59E /* Debug */,
				089374122C15A9950057D59E /* Release */,
			);
			defaultConfigurationIsVisible = 0;
			defaultConfigurationName = Release;
		};
		089374132C15A9950057D59E /* Build configuration list for PBXNativeTarget "JampleWidget" */ = {
			isa = XCConfigurationList;
			buildConfigurations = (
				089374142C15A9950057D59E /* Debug */,
				089374152C15A9950057D59E /* Release */,
			);
			defaultConfigurationIsVisible = 0;
			defaultConfigurationName = Release;
		};
		089374162C15A9950057D59E /* Build configuration list for PBXNativeTarget "JampleWidgetTests" */ = {
			isa = XCConfigurationList;
			buildConfigurations = (
				089374172C15A9950057D59E /* Debug */,
				089374182C15A9950057D59E /* Release */,
			);
			defaultConfigurationIsVisible = 0;
			defaultConfigurationName = Release;
		};
		089374192C15A9950057D59E /* Build configuration list for PBXNativeTarget "JampleWidgetUITests" */ = {
			isa = XCConfigurationList;
			buildConfigurations = (
				0893741A2C15A9950057D59E /* Debug */,
				0893741B2C15A9950057D59E /* Release */,
			);
			defaultConfigurationIsVisible = 0;
			defaultConfigurationName = Release;
		};
/* End XCConfigurationList section */
	};
	rootObject = 089373E12C15A9940057D59E /* Project object */;
}
